// !$*UTF8*$!
{
	archiveVersion = 1;
	classes = {
	};
	objectVersion = 51;
	objects = {

/* Begin PBXBuildFile section */
		2B648DCD24609422002F48CF /* MGLMapViewCustom.swift in Sources */ = {isa = PBXBuildFile; fileRef = 2B648DCC24609422002F48CF /* MGLMapViewCustom.swift */; };
		2EA29475244F877D00E468BC /* AppDelegate.swift in Sources */ = {isa = PBXBuildFile; fileRef = 2EA29474244F877D00E468BC /* AppDelegate.swift */; };
		2EA29477244F877D00E468BC /* SceneDelegate.swift in Sources */ = {isa = PBXBuildFile; fileRef = 2EA29476244F877D00E468BC /* SceneDelegate.swift */; };
		2EA29479244F877D00E468BC /* ViewController.swift in Sources */ = {isa = PBXBuildFile; fileRef = 2EA29478244F877D00E468BC /* ViewController.swift */; };
		2EA2947C244F877D00E468BC /* Main.storyboard in Resources */ = {isa = PBXBuildFile; fileRef = 2EA2947A244F877D00E468BC /* Main.storyboard */; };
		2EA2947E244F878400E468BC /* Assets.xcassets in Resources */ = {isa = PBXBuildFile; fileRef = 2EA2947D244F878400E468BC /* Assets.xcassets */; };
		2EA29481244F878400E468BC /* LaunchScreen.storyboard in Resources */ = {isa = PBXBuildFile; fileRef = 2EA2947F244F878400E468BC /* LaunchScreen.storyboard */; };
		2EA294B2244F8C6900E468BC /* park.wav in Resources */ = {isa = PBXBuildFile; fileRef = 2EA294A5244F8C6800E468BC /* park.wav */; };
		2EA294B3244F8C6900E468BC /* pageflip.mp3 in Resources */ = {isa = PBXBuildFile; fileRef = 2EA294A6244F8C6800E468BC /* pageflip.mp3 */; };
		2EA294B4244F8C6900E468BC /* zoom_in.mp3 in Resources */ = {isa = PBXBuildFile; fileRef = 2EA294A7244F8C6800E468BC /* zoom_in.mp3 */; };
		2EA294B5244F8C6900E468BC /* door_open.wav in Resources */ = {isa = PBXBuildFile; fileRef = 2EA294A8244F8C6800E468BC /* door_open.wav */; };
		2EA294B6244F8C6900E468BC /* zoom_out.mp3 in Resources */ = {isa = PBXBuildFile; fileRef = 2EA294A9244F8C6800E468BC /* zoom_out.mp3 */; };
		2EA294B7244F8C6900E468BC /* forest.mp3 in Resources */ = {isa = PBXBuildFile; fileRef = 2EA294AA244F8C6800E468BC /* forest.mp3 */; };
		2EA294B8244F8C6900E468BC /* lake.wav in Resources */ = {isa = PBXBuildFile; fileRef = 2EA294AB244F8C6800E468BC /* lake.wav */; };
		2EA294B9244F8C6900E468BC /* door_close.mp3 in Resources */ = {isa = PBXBuildFile; fileRef = 2EA294AC244F8C6800E468BC /* door_close.mp3 */; };
		2EA294BA244F8C6900E468BC /* river.mp3 in Resources */ = {isa = PBXBuildFile; fileRef = 2EA294AD244F8C6800E468BC /* river.mp3 */; };
		2EA294BB244F8C6900E468BC /* gravel.mp3 in Resources */ = {isa = PBXBuildFile; fileRef = 2EA294AE244F8C6800E468BC /* gravel.mp3 */; };
		2EA294BC244F8C6900E468BC /* train.mp3 in Resources */ = {isa = PBXBuildFile; fileRef = 2EA294AF244F8C6800E468BC /* train.mp3 */; };
		2EA294BD244F8C6900E468BC /* motorway.mp3 in Resources */ = {isa = PBXBuildFile; fileRef = 2EA294B0244F8C6900E468BC /* motorway.mp3 */; };
		2EA294BE244F8C6900E468BC /* water.mp3 in Resources */ = {isa = PBXBuildFile; fileRef = 2EA294B1244F8C6900E468BC /* water.mp3 */; };
		2EA294C0245A1F6700E468BC /* playground.wav in Resources */ = {isa = PBXBuildFile; fileRef = 2EA294BF245A1F6700E468BC /* playground.wav */; };
		2EA294C2245A1FE500E468BC /* stadium.mp3 in Resources */ = {isa = PBXBuildFile; fileRef = 2EA294C1245A1FE500E468BC /* stadium.mp3 */; };
		2EA294C4245A40CE00E468BC /* tennis.mp3 in Resources */ = {isa = PBXBuildFile; fileRef = 2EA294C3245A40CE00E468BC /* tennis.mp3 */; };
		2EA294CA245A510800E468BC /* golf.mp3 in Resources */ = {isa = PBXBuildFile; fileRef = 2EA294C9245A510800E468BC /* golf.mp3 */; };
		497494B8E28B7C410C25F961 /* Pods_TouchExplore.framework in Frameworks */ = {isa = PBXBuildFile; fileRef = 7C6C69D404FB3BFF069740F2 /* Pods_TouchExplore.framework */; };
/* End PBXBuildFile section */

/* Begin PBXFileReference section */
		2B648DCC24609422002F48CF /* MGLMapViewCustom.swift */ = {isa = PBXFileReference; lastKnownFileType = sourcecode.swift; path = MGLMapViewCustom.swift; sourceTree = "<group>"; };
		2EA29471244F877D00E468BC /* TouchExplore.app */ = {isa = PBXFileReference; explicitFileType = wrapper.application; includeInIndex = 0; path = TouchExplore.app; sourceTree = BUILT_PRODUCTS_DIR; };
		2EA29474244F877D00E468BC /* AppDelegate.swift */ = {isa = PBXFileReference; lastKnownFileType = sourcecode.swift; path = AppDelegate.swift; sourceTree = "<group>"; };
		2EA29476244F877D00E468BC /* SceneDelegate.swift */ = {isa = PBXFileReference; lastKnownFileType = sourcecode.swift; path = SceneDelegate.swift; sourceTree = "<group>"; };
		2EA29478244F877D00E468BC /* ViewController.swift */ = {isa = PBXFileReference; lastKnownFileType = sourcecode.swift; path = ViewController.swift; sourceTree = "<group>"; };
		2EA2947B244F877D00E468BC /* Base */ = {isa = PBXFileReference; lastKnownFileType = file.storyboard; name = Base; path = Base.lproj/Main.storyboard; sourceTree = "<group>"; };
		2EA2947D244F878400E468BC /* Assets.xcassets */ = {isa = PBXFileReference; lastKnownFileType = folder.assetcatalog; path = Assets.xcassets; sourceTree = "<group>"; };
		2EA29480244F878400E468BC /* Base */ = {isa = PBXFileReference; lastKnownFileType = file.storyboard; name = Base; path = Base.lproj/LaunchScreen.storyboard; sourceTree = "<group>"; };
		2EA29482244F878400E468BC /* Info.plist */ = {isa = PBXFileReference; lastKnownFileType = text.plist.xml; path = Info.plist; sourceTree = "<group>"; };
		2EA294A5244F8C6800E468BC /* park.wav */ = {isa = PBXFileReference; lastKnownFileType = audio.wav; name = park.wav; path = Sounds/park.wav; sourceTree = "<group>"; };
		2EA294A6244F8C6800E468BC /* pageflip.mp3 */ = {isa = PBXFileReference; lastKnownFileType = audio.mp3; name = pageflip.mp3; path = Sounds/pageflip.mp3; sourceTree = "<group>"; };
		2EA294A7244F8C6800E468BC /* zoom_in.mp3 */ = {isa = PBXFileReference; lastKnownFileType = audio.mp3; name = zoom_in.mp3; path = Sounds/zoom_in.mp3; sourceTree = "<group>"; };
		2EA294A8244F8C6800E468BC /* door_open.wav */ = {isa = PBXFileReference; lastKnownFileType = audio.wav; name = door_open.wav; path = Sounds/door_open.wav; sourceTree = "<group>"; };
		2EA294A9244F8C6800E468BC /* zoom_out.mp3 */ = {isa = PBXFileReference; lastKnownFileType = audio.mp3; name = zoom_out.mp3; path = Sounds/zoom_out.mp3; sourceTree = "<group>"; };
		2EA294AA244F8C6800E468BC /* forest.mp3 */ = {isa = PBXFileReference; lastKnownFileType = audio.mp3; name = forest.mp3; path = Sounds/forest.mp3; sourceTree = "<group>"; };
		2EA294AB244F8C6800E468BC /* lake.wav */ = {isa = PBXFileReference; lastKnownFileType = audio.wav; name = lake.wav; path = Sounds/lake.wav; sourceTree = "<group>"; };
		2EA294AC244F8C6800E468BC /* door_close.mp3 */ = {isa = PBXFileReference; lastKnownFileType = audio.mp3; name = door_close.mp3; path = Sounds/door_close.mp3; sourceTree = "<group>"; };
		2EA294AD244F8C6800E468BC /* river.mp3 */ = {isa = PBXFileReference; lastKnownFileType = audio.mp3; name = river.mp3; path = Sounds/river.mp3; sourceTree = "<group>"; };
		2EA294AE244F8C6800E468BC /* gravel.mp3 */ = {isa = PBXFileReference; lastKnownFileType = audio.mp3; name = gravel.mp3; path = Sounds/gravel.mp3; sourceTree = "<group>"; };
		2EA294AF244F8C6800E468BC /* train.mp3 */ = {isa = PBXFileReference; lastKnownFileType = audio.mp3; name = train.mp3; path = Sounds/train.mp3; sourceTree = "<group>"; };
		2EA294B0244F8C6900E468BC /* motorway.mp3 */ = {isa = PBXFileReference; lastKnownFileType = audio.mp3; name = motorway.mp3; path = Sounds/motorway.mp3; sourceTree = "<group>"; };
		2EA294B1244F8C6900E468BC /* water.mp3 */ = {isa = PBXFileReference; lastKnownFileType = audio.mp3; name = water.mp3; path = Sounds/water.mp3; sourceTree = "<group>"; };
		2EA294BF245A1F6700E468BC /* playground.wav */ = {isa = PBXFileReference; lastKnownFileType = audio.wav; path = playground.wav; sourceTree = "<group>"; };
		2EA294C1245A1FE500E468BC /* stadium.mp3 */ = {isa = PBXFileReference; lastKnownFileType = audio.mp3; path = stadium.mp3; sourceTree = "<group>"; };
		2EA294C3245A40CE00E468BC /* tennis.mp3 */ = {isa = PBXFileReference; lastKnownFileType = audio.mp3; path = tennis.mp3; sourceTree = "<group>"; };
		2EA294C9245A510800E468BC /* golf.mp3 */ = {isa = PBXFileReference; lastKnownFileType = audio.mp3; path = golf.mp3; sourceTree = "<group>"; };
		3A7686B56DF200BEC67A8B94 /* Pods-TouchExplore.release.xcconfig */ = {isa = PBXFileReference; includeInIndex = 1; lastKnownFileType = text.xcconfig; name = "Pods-TouchExplore.release.xcconfig"; path = "Target Support Files/Pods-TouchExplore/Pods-TouchExplore.release.xcconfig"; sourceTree = "<group>"; };
		7C6C69D404FB3BFF069740F2 /* Pods_TouchExplore.framework */ = {isa = PBXFileReference; explicitFileType = wrapper.framework; includeInIndex = 0; path = Pods_TouchExplore.framework; sourceTree = BUILT_PRODUCTS_DIR; };
		B116E7E01687A3413EF52990 /* Pods-TouchExplore.debug.xcconfig */ = {isa = PBXFileReference; includeInIndex = 1; lastKnownFileType = text.xcconfig; name = "Pods-TouchExplore.debug.xcconfig"; path = "Target Support Files/Pods-TouchExplore/Pods-TouchExplore.debug.xcconfig"; sourceTree = "<group>"; };
/* End PBXFileReference section */

/* Begin PBXFrameworksBuildPhase section */
		2EA2946E244F877D00E468BC /* Frameworks */ = {
			isa = PBXFrameworksBuildPhase;
			buildActionMask = 2147483647;
			files = (
				497494B8E28B7C410C25F961 /* Pods_TouchExplore.framework in Frameworks */,
			);
			runOnlyForDeploymentPostprocessing = 0;
		};
/* End PBXFrameworksBuildPhase section */

/* Begin PBXGroup section */
		2EA29468244F877D00E468BC = {
			isa = PBXGroup;
			children = (
				2EA29488244F89A900E468BC /* Sounds */,
				2EA294AC244F8C6800E468BC /* door_close.mp3 */,
				2EA294C9245A510800E468BC /* golf.mp3 */,
				2EA294C3245A40CE00E468BC /* tennis.mp3 */,
				2EA294C1245A1FE500E468BC /* stadium.mp3 */,
				2EA294BF245A1F6700E468BC /* playground.wav */,
				2EA294A8244F8C6800E468BC /* door_open.wav */,
				2EA294AA244F8C6800E468BC /* forest.mp3 */,
				2EA294AE244F8C6800E468BC /* gravel.mp3 */,
				2EA294AB244F8C6800E468BC /* lake.wav */,
				2EA294B0244F8C6900E468BC /* motorway.mp3 */,
				2EA294A6244F8C6800E468BC /* pageflip.mp3 */,
				2EA294A5244F8C6800E468BC /* park.wav */,
				2EA294AD244F8C6800E468BC /* river.mp3 */,
				2EA294AF244F8C6800E468BC /* train.mp3 */,
				2EA294B1244F8C6900E468BC /* water.mp3 */,
				2EA294A7244F8C6800E468BC /* zoom_in.mp3 */,
				2EA294A9244F8C6800E468BC /* zoom_out.mp3 */,
				2EA29473244F877D00E468BC /* TouchExplore */,
				2EA29472244F877D00E468BC /* Products */,
				95AB2C67627E0F73DE7D9671 /* Pods */,
				FE760BB50C2C68FE5EF1712E /* Frameworks */,
			);
			sourceTree = "<group>";
		};
		2EA29472244F877D00E468BC /* Products */ = {
			isa = PBXGroup;
			children = (
				2EA29471244F877D00E468BC /* TouchExplore.app */,
			);
			name = Products;
			sourceTree = "<group>";
		};
		2EA29473244F877D00E468BC /* TouchExplore */ = {
			isa = PBXGroup;
			children = (
				2EA29474244F877D00E468BC /* AppDelegate.swift */,
				2EA29476244F877D00E468BC /* SceneDelegate.swift */,
				2EA29478244F877D00E468BC /* ViewController.swift */,
				2EA2947A244F877D00E468BC /* Main.storyboard */,
				2EA2947D244F878400E468BC /* Assets.xcassets */,
				2EA2947F244F878400E468BC /* LaunchScreen.storyboard */,
				2EA29482244F878400E468BC /* Info.plist */,
				2B648DCC24609422002F48CF /* MGLMapViewCustom.swift */,
			);
			path = TouchExplore;
			sourceTree = "<group>";
		};
		2EA29488244F89A900E468BC /* Sounds */ = {
			isa = PBXGroup;
			children = (
			);
			path = Sounds;
			sourceTree = "<group>";
		};
		95AB2C67627E0F73DE7D9671 /* Pods */ = {
			isa = PBXGroup;
			children = (
				B116E7E01687A3413EF52990 /* Pods-TouchExplore.debug.xcconfig */,
				3A7686B56DF200BEC67A8B94 /* Pods-TouchExplore.release.xcconfig */,
			);
			path = Pods;
			sourceTree = "<group>";
		};
		FE760BB50C2C68FE5EF1712E /* Frameworks */ = {
			isa = PBXGroup;
			children = (
				7C6C69D404FB3BFF069740F2 /* Pods_TouchExplore.framework */,
			);
			name = Frameworks;
			sourceTree = "<group>";
		};
/* End PBXGroup section */

/* Begin PBXNativeTarget section */
		2EA29470244F877D00E468BC /* TouchExplore */ = {
			isa = PBXNativeTarget;
			buildConfigurationList = 2EA29485244F878400E468BC /* Build configuration list for PBXNativeTarget "TouchExplore" */;
			buildPhases = (
				D6952CF4D4462A8F483CB809 /* [CP] Check Pods Manifest.lock */,
				2EA2946D244F877D00E468BC /* Sources */,
				2EA2946E244F877D00E468BC /* Frameworks */,
				2EA2946F244F877D00E468BC /* Resources */,
				D2602982EEAC9622819C4934 /* [CP] Embed Pods Frameworks */,
			);
			buildRules = (
			);
			dependencies = (
			);
			name = TouchExplore;
			productName = TouchExplore;
			productReference = 2EA29471244F877D00E468BC /* TouchExplore.app */;
			productType = "com.apple.product-type.application";
		};
/* End PBXNativeTarget section */

/* Begin PBXProject section */
		2EA29469244F877D00E468BC /* Project object */ = {
			isa = PBXProject;
			attributes = {
				LastSwiftUpdateCheck = 1140;
				LastUpgradeCheck = 1140;
				ORGANIZATIONNAME = ZHAW;
				TargetAttributes = {
					2EA29470244F877D00E468BC = {
						CreatedOnToolsVersion = 11.4.1;
					};
				};
			};
			buildConfigurationList = 2EA2946C244F877D00E468BC /* Build configuration list for PBXProject "TouchExplore" */;
			compatibilityVersion = "Xcode 9.3";
			developmentRegion = en;
			hasScannedForEncodings = 0;
			knownRegions = (
				en,
				Base,
			);
			mainGroup = 2EA29468244F877D00E468BC;
			productRefGroup = 2EA29472244F877D00E468BC /* Products */;
			projectDirPath = "";
			projectRoot = "";
			targets = (
				2EA29470244F877D00E468BC /* TouchExplore */,
			);
		};
/* End PBXProject section */

/* Begin PBXResourcesBuildPhase section */
		2EA2946F244F877D00E468BC /* Resources */ = {
			isa = PBXResourcesBuildPhase;
			buildActionMask = 2147483647;
			files = (
				2EA294B9244F8C6900E468BC /* door_close.mp3 in Resources */,
				2EA294BC244F8C6900E468BC /* train.mp3 in Resources */,
				2EA29481244F878400E468BC /* LaunchScreen.storyboard in Resources */,
				2EA2947E244F878400E468BC /* Assets.xcassets in Resources */,
				2EA294BA244F8C6900E468BC /* river.mp3 in Resources */,
				2EA294C4245A40CE00E468BC /* tennis.mp3 in Resources */,
				2EA294B3244F8C6900E468BC /* pageflip.mp3 in Resources */,
				2EA294B2244F8C6900E468BC /* park.wav in Resources */,
				2EA294B7244F8C6900E468BC /* forest.mp3 in Resources */,
				2EA294B8244F8C6900E468BC /* lake.wav in Resources */,
				2EA294B5244F8C6900E468BC /* door_open.wav in Resources */,
				2EA294BE244F8C6900E468BC /* water.mp3 in Resources */,
				2EA294BB244F8C6900E468BC /* gravel.mp3 in Resources */,
				2EA294CA245A510800E468BC /* golf.mp3 in Resources */,
				2EA294BD244F8C6900E468BC /* motorway.mp3 in Resources */,
				2EA294B4244F8C6900E468BC /* zoom_in.mp3 in Resources */,
				2EA294B6244F8C6900E468BC /* zoom_out.mp3 in Resources */,
				2EA294C0245A1F6700E468BC /* playground.wav in Resources */,
				2EA294C2245A1FE500E468BC /* stadium.mp3 in Resources */,
				2EA2947C244F877D00E468BC /* Main.storyboard in Resources */,
			);
			runOnlyForDeploymentPostprocessing = 0;
		};
/* End PBXResourcesBuildPhase section */

/* Begin PBXShellScriptBuildPhase section */
		D2602982EEAC9622819C4934 /* [CP] Embed Pods Frameworks */ = {
			isa = PBXShellScriptBuildPhase;
			buildActionMask = 2147483647;
			files = (
			);
			inputFileListPaths = (
				"${PODS_ROOT}/Target Support Files/Pods-TouchExplore/Pods-TouchExplore-frameworks-${CONFIGURATION}-input-files.xcfilelist",
			);
			name = "[CP] Embed Pods Frameworks";
			outputFileListPaths = (
				"${PODS_ROOT}/Target Support Files/Pods-TouchExplore/Pods-TouchExplore-frameworks-${CONFIGURATION}-output-files.xcfilelist",
			);
			runOnlyForDeploymentPostprocessing = 0;
			shellPath = /bin/sh;
			shellScript = "\"${PODS_ROOT}/Target Support Files/Pods-TouchExplore/Pods-TouchExplore-frameworks.sh\"\n";
			showEnvVarsInLog = 0;
		};
		D6952CF4D4462A8F483CB809 /* [CP] Check Pods Manifest.lock */ = {
			isa = PBXShellScriptBuildPhase;
			buildActionMask = 2147483647;
			files = (
			);
			inputFileListPaths = (
			);
			inputPaths = (
				"${PODS_PODFILE_DIR_PATH}/Podfile.lock",
				"${PODS_ROOT}/Manifest.lock",
			);
			name = "[CP] Check Pods Manifest.lock";
			outputFileListPaths = (
			);
			outputPaths = (
				"$(DERIVED_FILE_DIR)/Pods-TouchExplore-checkManifestLockResult.txt",
			);
			runOnlyForDeploymentPostprocessing = 0;
			shellPath = /bin/sh;
			shellScript = "diff \"${PODS_PODFILE_DIR_PATH}/Podfile.lock\" \"${PODS_ROOT}/Manifest.lock\" > /dev/null\nif [ $? != 0 ] ; then\n    # print error to STDERR\n    echo \"error: The sandbox is not in sync with the Podfile.lock. Run 'pod install' or update your CocoaPods installation.\" >&2\n    exit 1\nfi\n# This output is used by Xcode 'outputs' to avoid re-running this script phase.\necho \"SUCCESS\" > \"${SCRIPT_OUTPUT_FILE_0}\"\n";
			showEnvVarsInLog = 0;
		};
/* End PBXShellScriptBuildPhase section */

/* Begin PBXSourcesBuildPhase section */
		2EA2946D244F877D00E468BC /* Sources */ = {
			isa = PBXSourcesBuildPhase;
			buildActionMask = 2147483647;
			files = (
				2EA29479244F877D00E468BC /* ViewController.swift in Sources */,
				2B648DCD24609422002F48CF /* MGLMapViewCustom.swift in Sources */,
				2EA29475244F877D00E468BC /* AppDelegate.swift in Sources */,
				2EA29477244F877D00E468BC /* SceneDelegate.swift in Sources */,
			);
			runOnlyForDeploymentPostprocessing = 0;
		};
/* End PBXSourcesBuildPhase section */

/* Begin PBXVariantGroup section */
		2EA2947A244F877D00E468BC /* Main.storyboard */ = {
			isa = PBXVariantGroup;
			children = (
				2EA2947B244F877D00E468BC /* Base */,
			);
			name = Main.storyboard;
			sourceTree = "<group>";
		};
		2EA2947F244F878400E468BC /* LaunchScreen.storyboard */ = {
			isa = PBXVariantGroup;
			children = (
				2EA29480244F878400E468BC /* Base */,
			);
			name = LaunchScreen.storyboard;
			sourceTree = "<group>";
		};
/* End PBXVariantGroup section */

/* Begin XCBuildConfiguration section */
		2EA29483244F878400E468BC /* Debug */ = {
			isa = XCBuildConfiguration;
			buildSettings = {
				ALWAYS_SEARCH_USER_PATHS = NO;
				CLANG_ANALYZER_NONNULL = YES;
				CLANG_ANALYZER_NUMBER_OBJECT_CONVERSION = YES_AGGRESSIVE;
				CLANG_CXX_LANGUAGE_STANDARD = "gnu++14";
				CLANG_CXX_LIBRARY = "libc++";
				CLANG_ENABLE_MODULES = YES;
				CLANG_ENABLE_OBJC_ARC = YES;
				CLANG_ENABLE_OBJC_WEAK = YES;
				CLANG_WARN_BLOCK_CAPTURE_AUTORELEASING = YES;
				CLANG_WARN_BOOL_CONVERSION = YES;
				CLANG_WARN_COMMA = YES;
				CLANG_WARN_CONSTANT_CONVERSION = YES;
				CLANG_WARN_DEPRECATED_OBJC_IMPLEMENTATIONS = YES;
				CLANG_WARN_DIRECT_OBJC_ISA_USAGE = YES_ERROR;
				CLANG_WARN_DOCUMENTATION_COMMENTS = YES;
				CLANG_WARN_EMPTY_BODY = YES;
				CLANG_WARN_ENUM_CONVERSION = YES;
				CLANG_WARN_INFINITE_RECURSION = YES;
				CLANG_WARN_INT_CONVERSION = YES;
				CLANG_WARN_NON_LITERAL_NULL_CONVERSION = YES;
				CLANG_WARN_OBJC_IMPLICIT_RETAIN_SELF = YES;
				CLANG_WARN_OBJC_LITERAL_CONVERSION = YES;
				CLANG_WARN_OBJC_ROOT_CLASS = YES_ERROR;
				CLANG_WARN_RANGE_LOOP_ANALYSIS = YES;
				CLANG_WARN_STRICT_PROTOTYPES = YES;
				CLANG_WARN_SUSPICIOUS_MOVE = YES;
				CLANG_WARN_UNGUARDED_AVAILABILITY = YES_AGGRESSIVE;
				CLANG_WARN_UNREACHABLE_CODE = YES;
				CLANG_WARN__DUPLICATE_METHOD_MATCH = YES;
				COPY_PHASE_STRIP = NO;
				DEBUG_INFORMATION_FORMAT = dwarf;
				ENABLE_STRICT_OBJC_MSGSEND = YES;
				ENABLE_TESTABILITY = YES;
				GCC_C_LANGUAGE_STANDARD = gnu11;
				GCC_DYNAMIC_NO_PIC = NO;
				GCC_NO_COMMON_BLOCKS = YES;
				GCC_OPTIMIZATION_LEVEL = 0;
				GCC_PREPROCESSOR_DEFINITIONS = (
					"DEBUG=1",
					"$(inherited)",
				);
				GCC_WARN_64_TO_32_BIT_CONVERSION = YES;
				GCC_WARN_ABOUT_RETURN_TYPE = YES_ERROR;
				GCC_WARN_UNDECLARED_SELECTOR = YES;
				GCC_WARN_UNINITIALIZED_AUTOS = YES_AGGRESSIVE;
				GCC_WARN_UNUSED_FUNCTION = YES;
				GCC_WARN_UNUSED_VARIABLE = YES;
				IPHONEOS_DEPLOYMENT_TARGET = 13.0;
				MTL_ENABLE_DEBUG_INFO = INCLUDE_SOURCE;
				MTL_FAST_MATH = YES;
				ONLY_ACTIVE_ARCH = YES;
				SDKROOT = iphoneos;
				SWIFT_ACTIVE_COMPILATION_CONDITIONS = DEBUG;
				SWIFT_OPTIMIZATION_LEVEL = "-Onone";
			};
			name = Debug;
		};
		2EA29484244F878400E468BC /* Release */ = {
			isa = XCBuildConfiguration;
			buildSettings = {
				ALWAYS_SEARCH_USER_PATHS = NO;
				CLANG_ANALYZER_NONNULL = YES;
				CLANG_ANALYZER_NUMBER_OBJECT_CONVERSION = YES_AGGRESSIVE;
				CLANG_CXX_LANGUAGE_STANDARD = "gnu++14";
				CLANG_CXX_LIBRARY = "libc++";
				CLANG_ENABLE_MODULES = YES;
				CLANG_ENABLE_OBJC_ARC = YES;
				CLANG_ENABLE_OBJC_WEAK = YES;
				CLANG_WARN_BLOCK_CAPTURE_AUTORELEASING = YES;
				CLANG_WARN_BOOL_CONVERSION = YES;
				CLANG_WARN_COMMA = YES;
				CLANG_WARN_CONSTANT_CONVERSION = YES;
				CLANG_WARN_DEPRECATED_OBJC_IMPLEMENTATIONS = YES;
				CLANG_WARN_DIRECT_OBJC_ISA_USAGE = YES_ERROR;
				CLANG_WARN_DOCUMENTATION_COMMENTS = YES;
				CLANG_WARN_EMPTY_BODY = YES;
				CLANG_WARN_ENUM_CONVERSION = YES;
				CLANG_WARN_INFINITE_RECURSION = YES;
				CLANG_WARN_INT_CONVERSION = YES;
				CLANG_WARN_NON_LITERAL_NULL_CONVERSION = YES;
				CLANG_WARN_OBJC_IMPLICIT_RETAIN_SELF = YES;
				CLANG_WARN_OBJC_LITERAL_CONVERSION = YES;
				CLANG_WARN_OBJC_ROOT_CLASS = YES_ERROR;
				CLANG_WARN_RANGE_LOOP_ANALYSIS = YES;
				CLANG_WARN_STRICT_PROTOTYPES = YES;
				CLANG_WARN_SUSPICIOUS_MOVE = YES;
				CLANG_WARN_UNGUARDED_AVAILABILITY = YES_AGGRESSIVE;
				CLANG_WARN_UNREACHABLE_CODE = YES;
				CLANG_WARN__DUPLICATE_METHOD_MATCH = YES;
				COPY_PHASE_STRIP = NO;
				DEBUG_INFORMATION_FORMAT = "dwarf-with-dsym";
				ENABLE_NS_ASSERTIONS = NO;
				ENABLE_STRICT_OBJC_MSGSEND = YES;
				GCC_C_LANGUAGE_STANDARD = gnu11;
				GCC_NO_COMMON_BLOCKS = YES;
				GCC_WARN_64_TO_32_BIT_CONVERSION = YES;
				GCC_WARN_ABOUT_RETURN_TYPE = YES_ERROR;
				GCC_WARN_UNDECLARED_SELECTOR = YES;
				GCC_WARN_UNINITIALIZED_AUTOS = YES_AGGRESSIVE;
				GCC_WARN_UNUSED_FUNCTION = YES;
				GCC_WARN_UNUSED_VARIABLE = YES;
				IPHONEOS_DEPLOYMENT_TARGET = 13.0;
				MTL_ENABLE_DEBUG_INFO = NO;
				MTL_FAST_MATH = YES;
				SDKROOT = iphoneos;
				SWIFT_COMPILATION_MODE = wholemodule;
				SWIFT_OPTIMIZATION_LEVEL = "-O";
				VALIDATE_PRODUCT = YES;
			};
			name = Release;
		};
		2EA29486244F878400E468BC /* Debug */ = {
			isa = XCBuildConfiguration;
			baseConfigurationReference = B116E7E01687A3413EF52990 /* Pods-TouchExplore.debug.xcconfig */;
			buildSettings = {
				ASSETCATALOG_COMPILER_APPICON_NAME = AppIcon;
				CODE_SIGN_STYLE = Automatic;
				CURRENT_PROJECT_VERSION = 8;
				DEVELOPMENT_TEAM = PQ9M73T7N8;
				INFOPLIST_FILE = TouchExplore/Info.plist;
				IPHONEOS_DEPLOYMENT_TARGET = 13.0;
				LD_RUNPATH_SEARCH_PATHS = (
					"$(inherited)",
					"@executable_path/Frameworks",
				);
				PRODUCT_BUNDLE_IDENTIFIER = ch.zhaw.init.touchexplore;
				PRODUCT_NAME = "$(TARGET_NAME)";
				SWIFT_VERSION = 5.0;
				TARGETED_DEVICE_FAMILY = "1,2";
			};
			name = Debug;
		};
		2EA29487244F878400E468BC /* Release */ = {
			isa = XCBuildConfiguration;
			baseConfigurationReference = 3A7686B56DF200BEC67A8B94 /* Pods-TouchExplore.release.xcconfig */;
			buildSettings = {
				ASSETCATALOG_COMPILER_APPICON_NAME = AppIcon;
				CODE_SIGN_STYLE = Automatic;
				CURRENT_PROJECT_VERSION = 8;
				DEVELOPMENT_TEAM = PQ9M73T7N8;
				INFOPLIST_FILE = TouchExplore/Info.plist;
				IPHONEOS_DEPLOYMENT_TARGET = 13.0;
				LD_RUNPATH_SEARCH_PATHS = (
					"$(inherited)",
					"@executable_path/Frameworks",
				);
				PRODUCT_BUNDLE_IDENTIFIER = ch.zhaw.init.touchexplore;
				PRODUCT_NAME = "$(TARGET_NAME)";
				SWIFT_VERSION = 5.0;
				TARGETED_DEVICE_FAMILY = "1,2";
			};
			name = Release;
		};
/* End XCBuildConfiguration section */

/* Begin XCConfigurationList section */
		2EA2946C244F877D00E468BC /* Build configuration list for PBXProject "TouchExplore" */ = {
			isa = XCConfigurationList;
			buildConfigurations = (
				2EA29483244F878400E468BC /* Debug */,
				2EA29484244F878400E468BC /* Release */,
			);
			defaultConfigurationIsVisible = 0;
			defaultConfigurationName = Release;
		};
		2EA29485244F878400E468BC /* Build configuration list for PBXNativeTarget "TouchExplore" */ = {
			isa = XCConfigurationList;
			buildConfigurations = (
				2EA29486244F878400E468BC /* Debug */,
				2EA29487244F878400E468BC /* Release */,
			);
			defaultConfigurationIsVisible = 0;
			defaultConfigurationName = Release;
		};
/* End XCConfigurationList section */
	};
	rootObject = 2EA29469244F877D00E468BC /* Project object */;
}
