// !$*UTF8*$!
{
	archiveVersion = 1;
	classes = {
	};
	objectVersion = 50;
	objects = {

/* Begin PBXBuildFile section */
		2BB656D9245471A6008E315F /* AppDelegate.swift in Sources */ = {isa = PBXBuildFile; fileRef = 2BB656D8245471A6008E315F /* AppDelegate.swift */; };
		2BB656DB245471A6008E315F /* SceneDelegate.swift in Sources */ = {isa = PBXBuildFile; fileRef = 2BB656DA245471A6008E315F /* SceneDelegate.swift */; };
		2BB656DD245471A6008E315F /* ContentView.swift in Sources */ = {isa = PBXBuildFile; fileRef = 2BB656DC245471A6008E315F /* ContentView.swift */; };
		2BB656DF245471AC008E315F /* Assets.xcassets in Resources */ = {isa = PBXBuildFile; fileRef = 2BB656DE245471AC008E315F /* Assets.xcassets */; };
		2BB656E2245471AC008E315F /* Preview Assets.xcassets in Resources */ = {isa = PBXBuildFile; fileRef = 2BB656E1245471AC008E315F /* Preview Assets.xcassets */; };
		2BB656E5245471AC008E315F /* LaunchScreen.storyboard in Resources */ = {isa = PBXBuildFile; fileRef = 2BB656E3245471AC008E315F /* LaunchScreen.storyboard */; };
		2BB656F0245471AC008E315F /* TactileMapsTests.swift in Sources */ = {isa = PBXBuildFile; fileRef = 2BB656EF245471AC008E315F /* TactileMapsTests.swift */; };
		2BB656FB245471AC008E315F /* TactileMapsUITests.swift in Sources */ = {isa = PBXBuildFile; fileRef = 2BB656FA245471AC008E315F /* TactileMapsUITests.swift */; };
/* End PBXBuildFile section */

/* Begin PBXContainerItemProxy section */
		2BB656EC245471AC008E315F /* PBXContainerItemProxy */ = {
			isa = PBXContainerItemProxy;
			containerPortal = 2BB656CD245471A6008E315F /* Project object */;
			proxyType = 1;
			remoteGlobalIDString = 2BB656D4245471A6008E315F;
			remoteInfo = TactileMaps;
		};
		2BB656F7245471AC008E315F /* PBXContainerItemProxy */ = {
			isa = PBXContainerItemProxy;
			containerPortal = 2BB656CD245471A6008E315F /* Project object */;
			proxyType = 1;
			remoteGlobalIDString = 2BB656D4245471A6008E315F;
			remoteInfo = TactileMaps;
		};
/* End PBXContainerItemProxy section */

/* Begin PBXFileReference section */
		2BB656D5245471A6008E315F /* TactileMaps.app */ = {isa = PBXFileReference; explicitFileType = wrapper.application; includeInIndex = 0; path = TactileMaps.app; sourceTree = BUILT_PRODUCTS_DIR; };
		2BB656D8245471A6008E315F /* AppDelegate.swift */ = {isa = PBXFileReference; lastKnownFileType = sourcecode.swift; path = AppDelegate.swift; sourceTree = "<group>"; };
		2BB656DA245471A6008E315F /* SceneDelegate.swift */ = {isa = PBXFileReference; lastKnownFileType = sourcecode.swift; path = SceneDelegate.swift; sourceTree = "<group>"; };
		2BB656DC245471A6008E315F /* ContentView.swift */ = {isa = PBXFileReference; lastKnownFileType = sourcecode.swift; path = ContentView.swift; sourceTree = "<group>"; };
		2BB656DE245471AC008E315F /* Assets.xcassets */ = {isa = PBXFileReference; lastKnownFileType = folder.assetcatalog; path = Assets.xcassets; sourceTree = "<group>"; };
		2BB656E1245471AC008E315F /* Preview Assets.xcassets */ = {isa = PBXFileReference; lastKnownFileType = folder.assetcatalog; path = "Preview Assets.xcassets"; sourceTree = "<group>"; };
		2BB656E4245471AC008E315F /* Base */ = {isa = PBXFileReference; lastKnownFileType = file.storyboard; name = Base; path = Base.lproj/LaunchScreen.storyboard; sourceTree = "<group>"; };
		2BB656E6245471AC008E315F /* Info.plist */ = {isa = PBXFileReference; lastKnownFileType = text.plist.xml; path = Info.plist; sourceTree = "<group>"; };
		2BB656EB245471AC008E315F /* TactileMapsTests.xctest */ = {isa = PBXFileReference; explicitFileType = wrapper.cfbundle; includeInIndex = 0; path = TactileMapsTests.xctest; sourceTree = BUILT_PRODUCTS_DIR; };
		2BB656EF245471AC008E315F /* TactileMapsTests.swift */ = {isa = PBXFileReference; lastKnownFileType = sourcecode.swift; path = TactileMapsTests.swift; sourceTree = "<group>"; };
		2BB656F1245471AC008E315F /* Info.plist */ = {isa = PBXFileReference; lastKnownFileType = text.plist.xml; path = Info.plist; sourceTree = "<group>"; };
		2BB656F6245471AC008E315F /* TactileMapsUITests.xctest */ = {isa = PBXFileReference; explicitFileType = wrapper.cfbundle; includeInIndex = 0; path = TactileMapsUITests.xctest; sourceTree = BUILT_PRODUCTS_DIR; };
		2BB656FA245471AC008E315F /* TactileMapsUITests.swift */ = {isa = PBXFileReference; lastKnownFileType = sourcecode.swift; path = TactileMapsUITests.swift; sourceTree = "<group>"; };
		2BB656FC245471AC008E315F /* Info.plist */ = {isa = PBXFileReference; lastKnownFileType = text.plist.xml; path = Info.plist; sourceTree = "<group>"; };
/* End PBXFileReference section */

/* Begin PBXFrameworksBuildPhase section */
		2BB656D2245471A6008E315F /* Frameworks */ = {
			isa = PBXFrameworksBuildPhase;
			buildActionMask = 2147483647;
			files = (
			);
			runOnlyForDeploymentPostprocessing = 0;
		};
		2BB656E8245471AC008E315F /* Frameworks */ = {
			isa = PBXFrameworksBuildPhase;
			buildActionMask = 2147483647;
			files = (
			);
			runOnlyForDeploymentPostprocessing = 0;
		};
		2BB656F3245471AC008E315F /* Frameworks */ = {
			isa = PBXFrameworksBuildPhase;
			buildActionMask = 2147483647;
			files = (
			);
			runOnlyForDeploymentPostprocessing = 0;
		};
/* End PBXFrameworksBuildPhase section */

/* Begin PBXGroup section */
		2BB656CC245471A6008E315F = {
			isa = PBXGroup;
			children = (
				2BB656D7245471A6008E315F /* TactileMaps */,
				2BB656EE245471AC008E315F /* TactileMapsTests */,
				2BB656F9245471AC008E315F /* TactileMapsUITests */,
				2BB656D6245471A6008E315F /* Products */,
			);
			sourceTree = "<group>";
		};
		2BB656D6245471A6008E315F /* Products */ = {
			isa = PBXGroup;
			children = (
				2BB656D5245471A6008E315F /* TactileMaps.app */,
				2BB656EB245471AC008E315F /* TactileMapsTests.xctest */,
				2BB656F6245471AC008E315F /* TactileMapsUITests.xctest */,
			);
			name = Products;
			sourceTree = "<group>";
		};
		2BB656D7245471A6008E315F /* TactileMaps */ = {
			isa = PBXGroup;
			children = (
				2BB656D8245471A6008E315F /* AppDelegate.swift */,
				2BB656DA245471A6008E315F /* SceneDelegate.swift */,
				2BB656DC245471A6008E315F /* ContentView.swift */,
				2BB656DE245471AC008E315F /* Assets.xcassets */,
				2BB656E3245471AC008E315F /* LaunchScreen.storyboard */,
				2BB656E6245471AC008E315F /* Info.plist */,
				2BB656E0245471AC008E315F /* Preview Content */,
			);
			path = TactileMaps;
			sourceTree = "<group>";
		};
		2BB656E0245471AC008E315F /* Preview Content */ = {
			isa = PBXGroup;
			children = (
				2BB656E1245471AC008E315F /* Preview Assets.xcassets */,
			);
			path = "Preview Content";
			sourceTree = "<group>";
		};
		2BB656EE245471AC008E315F /* TactileMapsTests */ = {
			isa = PBXGroup;
			children = (
				2BB656EF245471AC008E315F /* TactileMapsTests.swift */,
				2BB656F1245471AC008E315F /* Info.plist */,
			);
			path = TactileMapsTests;
			sourceTree = "<group>";
		};
		2BB656F9245471AC008E315F /* TactileMapsUITests */ = {
			isa = PBXGroup;
			children = (
				2BB656FA245471AC008E315F /* TactileMapsUITests.swift */,
				2BB656FC245471AC008E315F /* Info.plist */,
			);
			path = TactileMapsUITests;
			sourceTree = "<group>";
		};
/* End PBXGroup section */

/* Begin PBXNativeTarget section */
		2BB656D4245471A6008E315F /* TactileMaps */ = {
			isa = PBXNativeTarget;
			buildConfigurationList = 2BB656FF245471AC008E315F /* Build configuration list for PBXNativeTarget "TactileMaps" */;
			buildPhases = (
				2BB656D1245471A6008E315F /* Sources */,
				2BB656D2245471A6008E315F /* Frameworks */,
				2BB656D3245471A6008E315F /* Resources */,
			);
			buildRules = (
			);
			dependencies = (
			);
			name = TactileMaps;
			productName = TactileMaps;
			productReference = 2BB656D5245471A6008E315F /* TactileMaps.app */;
			productType = "com.apple.product-type.application";
		};
		2BB656EA245471AC008E315F /* TactileMapsTests */ = {
			isa = PBXNativeTarget;
			buildConfigurationList = 2BB65702245471AC008E315F /* Build configuration list for PBXNativeTarget "TactileMapsTests" */;
			buildPhases = (
				2BB656E7245471AC008E315F /* Sources */,
				2BB656E8245471AC008E315F /* Frameworks */,
				2BB656E9245471AC008E315F /* Resources */,
			);
			buildRules = (
			);
			dependencies = (
				2BB656ED245471AC008E315F /* PBXTargetDependency */,
			);
			name = TactileMapsTests;
			productName = TactileMapsTests;
			productReference = 2BB656EB245471AC008E315F /* TactileMapsTests.xctest */;
			productType = "com.apple.product-type.bundle.unit-test";
		};
		2BB656F5245471AC008E315F /* TactileMapsUITests */ = {
			isa = PBXNativeTarget;
			buildConfigurationList = 2BB65705245471AC008E315F /* Build configuration list for PBXNativeTarget "TactileMapsUITests" */;
			buildPhases = (
				2BB656F2245471AC008E315F /* Sources */,
				2BB656F3245471AC008E315F /* Frameworks */,
				2BB656F4245471AC008E315F /* Resources */,
			);
			buildRules = (
			);
			dependencies = (
				2BB656F8245471AC008E315F /* PBXTargetDependency */,
			);
			name = TactileMapsUITests;
			productName = TactileMapsUITests;
			productReference = 2BB656F6245471AC008E315F /* TactileMapsUITests.xctest */;
			productType = "com.apple.product-type.bundle.ui-testing";
		};
/* End PBXNativeTarget section */

/* Begin PBXProject section */
		2BB656CD245471A6008E315F /* Project object */ = {
			isa = PBXProject;
			attributes = {
				LastSwiftUpdateCheck = 1140;
				LastUpgradeCheck = 1140;
				ORGANIZATIONNAME = "Dario Merz";
				TargetAttributes = {
					2BB656D4245471A6008E315F = {
						CreatedOnToolsVersion = 11.4;
					};
					2BB656EA245471AC008E315F = {
						CreatedOnToolsVersion = 11.4;
						TestTargetID = 2BB656D4245471A6008E315F;
					};
					2BB656F5245471AC008E315F = {
						CreatedOnToolsVersion = 11.4;
						TestTargetID = 2BB656D4245471A6008E315F;
					};
				};
			};
			buildConfigurationList = 2BB656D0245471A6008E315F /* Build configuration list for PBXProject "TactileMaps" */;
			compatibilityVersion = "Xcode 9.3";
			developmentRegion = en;
			hasScannedForEncodings = 0;
			knownRegions = (
				en,
				Base,
			);
			mainGroup = 2BB656CC245471A6008E315F;
			productRefGroup = 2BB656D6245471A6008E315F /* Products */;
			projectDirPath = "";
			projectRoot = "";
			targets = (
				2BB656D4245471A6008E315F /* TactileMaps */,
				2BB656EA245471AC008E315F /* TactileMapsTests */,
				2BB656F5245471AC008E315F /* TactileMapsUITests */,
			);
		};
/* End PBXProject section */

/* Begin PBXResourcesBuildPhase section */
		2BB656D3245471A6008E315F /* Resources */ = {
			isa = PBXResourcesBuildPhase;
			buildActionMask = 2147483647;
			files = (
				2BB656E5245471AC008E315F /* LaunchScreen.storyboard in Resources */,
				2BB656E2245471AC008E315F /* Preview Assets.xcassets in Resources */,
				2BB656DF245471AC008E315F /* Assets.xcassets in Resources */,
			);
			runOnlyForDeploymentPostprocessing = 0;
		};
		2BB656E9245471AC008E315F /* Resources */ = {
			isa = PBXResourcesBuildPhase;
			buildActionMask = 2147483647;
			files = (
			);
			runOnlyForDeploymentPostprocessing = 0;
		};
		2BB656F4245471AC008E315F /* Resources */ = {
			isa = PBXResourcesBuildPhase;
			buildActionMask = 2147483647;
			files = (
			);
			runOnlyForDeploymentPostprocessing = 0;
		};
/* End PBXResourcesBuildPhase section */

/* Begin PBXSourcesBuildPhase section */
		2BB656D1245471A6008E315F /* Sources */ = {
			isa = PBXSourcesBuildPhase;
			buildActionMask = 2147483647;
			files = (
				2BB656D9245471A6008E315F /* AppDelegate.swift in Sources */,
				2BB656DB245471A6008E315F /* SceneDelegate.swift in Sources */,
				2BB656DD245471A6008E315F /* ContentView.swift in Sources */,
			);
			runOnlyForDeploymentPostprocessing = 0;
		};
		2BB656E7245471AC008E315F /* Sources */ = {
			isa = PBXSourcesBuildPhase;
			buildActionMask = 2147483647;
			files = (
				2BB656F0245471AC008E315F /* TactileMapsTests.swift in Sources */,
			);
			runOnlyForDeploymentPostprocessing = 0;
		};
		2BB656F2245471AC008E315F /* Sources */ = {
			isa = PBXSourcesBuildPhase;
			buildActionMask = 2147483647;
			files = (
				2BB656FB245471AC008E315F /* TactileMapsUITests.swift in Sources */,
			);
			runOnlyForDeploymentPostprocessing = 0;
		};
/* End PBXSourcesBuildPhase section */

/* Begin PBXTargetDependency section */
		2BB656ED245471AC008E315F /* PBXTargetDependency */ = {
			isa = PBXTargetDependency;
			target = 2BB656D4245471A6008E315F /* TactileMaps */;
			targetProxy = 2BB656EC245471AC008E315F /* PBXContainerItemProxy */;
		};
		2BB656F8245471AC008E315F /* PBXTargetDependency */ = {
			isa = PBXTargetDependency;
			target = 2BB656D4245471A6008E315F /* TactileMaps */;
			targetProxy = 2BB656F7245471AC008E315F /* PBXContainerItemProxy */;
		};
/* End PBXTargetDependency section */

/* Begin PBXVariantGroup section */
		2BB656E3245471AC008E315F /* LaunchScreen.storyboard */ = {
			isa = PBXVariantGroup;
			children = (
				2BB656E4245471AC008E315F /* Base */,
			);
			name = LaunchScreen.storyboard;
			sourceTree = "<group>";
		};
/* End PBXVariantGroup section */

/* Begin XCBuildConfiguration section */
		2BB656FD245471AC008E315F /* Debug */ = {
			isa = XCBuildConfiguration;
			buildSettings = {
				ALWAYS_SEARCH_USER_PATHS = NO;
				CLANG_ANALYZER_NONNULL = YES;
				CLANG_ANALYZER_NUMBER_OBJECT_CONVERSION = YES_AGGRESSIVE;
				CLANG_CXX_LANGUAGE_STANDARD = "gnu++14";
				CLANG_CXX_LIBRARY = "libc++";
				CLANG_ENABLE_MODULES = YES;
				CLANG_ENABLE_OBJC_ARC = YES;
				CLANG_ENABLE_OBJC_WEAK = YES;
				CLANG_WARN_BLOCK_CAPTURE_AUTORELEASING = YES;
				CLANG_WARN_BOOL_CONVERSION = YES;
				CLANG_WARN_COMMA = YES;
				CLANG_WARN_CONSTANT_CONVERSION = YES;
				CLANG_WARN_DEPRECATED_OBJC_IMPLEMENTATIONS = YES;
				CLANG_WARN_DIRECT_OBJC_ISA_USAGE = YES_ERROR;
				CLANG_WARN_DOCUMENTATION_COMMENTS = YES;
				CLANG_WARN_EMPTY_BODY = YES;
				CLANG_WARN_ENUM_CONVERSION = YES;
				CLANG_WARN_INFINITE_RECURSION = YES;
				CLANG_WARN_INT_CONVERSION = YES;
				CLANG_WARN_NON_LITERAL_NULL_CONVERSION = YES;
				CLANG_WARN_OBJC_IMPLICIT_RETAIN_SELF = YES;
				CLANG_WARN_OBJC_LITERAL_CONVERSION = YES;
				CLANG_WARN_OBJC_ROOT_CLASS = YES_ERROR;
				CLANG_WARN_RANGE_LOOP_ANALYSIS = YES;
				CLANG_WARN_STRICT_PROTOTYPES = YES;
				CLANG_WARN_SUSPICIOUS_MOVE = YES;
				CLANG_WARN_UNGUARDED_AVAILABILITY = YES_AGGRESSIVE;
				CLANG_WARN_UNREACHABLE_CODE = YES;
				CLANG_WARN__DUPLICATE_METHOD_MATCH = YES;
				COPY_PHASE_STRIP = NO;
				DEBUG_INFORMATION_FORMAT = dwarf;
				ENABLE_STRICT_OBJC_MSGSEND = YES;
				ENABLE_TESTABILITY = YES;
				GCC_C_LANGUAGE_STANDARD = gnu11;
				GCC_DYNAMIC_NO_PIC = NO;
				GCC_NO_COMMON_BLOCKS = YES;
				GCC_OPTIMIZATION_LEVEL = 0;
				GCC_PREPROCESSOR_DEFINITIONS = (
					"DEBUG=1",
					"$(inherited)",
				);
				GCC_WARN_64_TO_32_BIT_CONVERSION = YES;
				GCC_WARN_ABOUT_RETURN_TYPE = YES_ERROR;
				GCC_WARN_UNDECLARED_SELECTOR = YES;
				GCC_WARN_UNINITIALIZED_AUTOS = YES_AGGRESSIVE;
				GCC_WARN_UNUSED_FUNCTION = YES;
				GCC_WARN_UNUSED_VARIABLE = YES;
				IPHONEOS_DEPLOYMENT_TARGET = 13.4;
				MTL_ENABLE_DEBUG_INFO = INCLUDE_SOURCE;
				MTL_FAST_MATH = YES;
				ONLY_ACTIVE_ARCH = YES;
				SDKROOT = iphoneos;
				SWIFT_ACTIVE_COMPILATION_CONDITIONS = DEBUG;
				SWIFT_OPTIMIZATION_LEVEL = "-Onone";
			};
			name = Debug;
		};
		2BB656FE245471AC008E315F /* Release */ = {
			isa = XCBuildConfiguration;
			buildSettings = {
				ALWAYS_SEARCH_USER_PATHS = NO;
				CLANG_ANALYZER_NONNULL = YES;
				CLANG_ANALYZER_NUMBER_OBJECT_CONVERSION = YES_AGGRESSIVE;
				CLANG_CXX_LANGUAGE_STANDARD = "gnu++14";
				CLANG_CXX_LIBRARY = "libc++";
				CLANG_ENABLE_MODULES = YES;
				CLANG_ENABLE_OBJC_ARC = YES;
				CLANG_ENABLE_OBJC_WEAK = YES;
				CLANG_WARN_BLOCK_CAPTURE_AUTORELEASING = YES;
				CLANG_WARN_BOOL_CONVERSION = YES;
				CLANG_WARN_COMMA = YES;
				CLANG_WARN_CONSTANT_CONVERSION = YES;
				CLANG_WARN_DEPRECATED_OBJC_IMPLEMENTATIONS = YES;
				CLANG_WARN_DIRECT_OBJC_ISA_USAGE = YES_ERROR;
				CLANG_WARN_DOCUMENTATION_COMMENTS = YES;
				CLANG_WARN_EMPTY_BODY = YES;
				CLANG_WARN_ENUM_CONVERSION = YES;
				CLANG_WARN_INFINITE_RECURSION = YES;
				CLANG_WARN_INT_CONVERSION = YES;
				CLANG_WARN_NON_LITERAL_NULL_CONVERSION = YES;
				CLANG_WARN_OBJC_IMPLICIT_RETAIN_SELF = YES;
				CLANG_WARN_OBJC_LITERAL_CONVERSION = YES;
				CLANG_WARN_OBJC_ROOT_CLASS = YES_ERROR;
				CLANG_WARN_RANGE_LOOP_ANALYSIS = YES;
				CLANG_WARN_STRICT_PROTOTYPES = YES;
				CLANG_WARN_SUSPICIOUS_MOVE = YES;
				CLANG_WARN_UNGUARDED_AVAILABILITY = YES_AGGRESSIVE;
				CLANG_WARN_UNREACHABLE_CODE = YES;
				CLANG_WARN__DUPLICATE_METHOD_MATCH = YES;
				COPY_PHASE_STRIP = NO;
				DEBUG_INFORMATION_FORMAT = "dwarf-with-dsym";
				ENABLE_NS_ASSERTIONS = NO;
				ENABLE_STRICT_OBJC_MSGSEND = YES;
				GCC_C_LANGUAGE_STANDARD = gnu11;
				GCC_NO_COMMON_BLOCKS = YES;
				GCC_WARN_64_TO_32_BIT_CONVERSION = YES;
				GCC_WARN_ABOUT_RETURN_TYPE = YES_ERROR;
				GCC_WARN_UNDECLARED_SELECTOR = YES;
				GCC_WARN_UNINITIALIZED_AUTOS = YES_AGGRESSIVE;
				GCC_WARN_UNUSED_FUNCTION = YES;
				GCC_WARN_UNUSED_VARIABLE = YES;
				IPHONEOS_DEPLOYMENT_TARGET = 13.4;
				MTL_ENABLE_DEBUG_INFO = NO;
				MTL_FAST_MATH = YES;
				SDKROOT = iphoneos;
				SWIFT_COMPILATION_MODE = wholemodule;
				SWIFT_OPTIMIZATION_LEVEL = "-O";
				VALIDATE_PRODUCT = YES;
			};
			name = Release;
		};
		2BB65700245471AC008E315F /* Debug */ = {
			isa = XCBuildConfiguration;
			buildSettings = {
				ASSETCATALOG_COMPILER_APPICON_NAME = AppIcon;
				CODE_SIGN_STYLE = Automatic;
				DEVELOPMENT_ASSET_PATHS = "\"TactileMaps/Preview Content\"";
				DEVELOPMENT_TEAM = 8TC47QR88G;
				ENABLE_PREVIEWS = YES;
				INFOPLIST_FILE = TactileMaps/Info.plist;
				LD_RUNPATH_SEARCH_PATHS = (
					"$(inherited)",
					"@executable_path/Frameworks",
				);
				PRODUCT_BUNDLE_IDENTIFIER = ch.dariomerz.TactileMaps;
				PRODUCT_NAME = "$(TARGET_NAME)";
				SWIFT_VERSION = 5.0;
				TARGETED_DEVICE_FAMILY = "1,2";
			};
			name = Debug;
		};
		2BB65701245471AC008E315F /* Release */ = {
			isa = XCBuildConfiguration;
			buildSettings = {
				ASSETCATALOG_COMPILER_APPICON_NAME = AppIcon;
				CODE_SIGN_STYLE = Automatic;
				DEVELOPMENT_ASSET_PATHS = "\"TactileMaps/Preview Content\"";
				DEVELOPMENT_TEAM = 8TC47QR88G;
				ENABLE_PREVIEWS = YES;
				INFOPLIST_FILE = TactileMaps/Info.plist;
				LD_RUNPATH_SEARCH_PATHS = (
					"$(inherited)",
					"@executable_path/Frameworks",
				);
				PRODUCT_BUNDLE_IDENTIFIER = ch.dariomerz.TactileMaps;
				PRODUCT_NAME = "$(TARGET_NAME)";
				SWIFT_VERSION = 5.0;
				TARGETED_DEVICE_FAMILY = "1,2";
			};
			name = Release;
		};
		2BB65703245471AC008E315F /* Debug */ = {
			isa = XCBuildConfiguration;
			buildSettings = {
				ALWAYS_EMBED_SWIFT_STANDARD_LIBRARIES = YES;
				BUNDLE_LOADER = "$(TEST_HOST)";
				CODE_SIGN_STYLE = Automatic;
				DEVELOPMENT_TEAM = 8TC47QR88G;
				INFOPLIST_FILE = TactileMapsTests/Info.plist;
				IPHONEOS_DEPLOYMENT_TARGET = 13.4;
				LD_RUNPATH_SEARCH_PATHS = (
					"$(inherited)",
					"@executable_path/Frameworks",
					"@loader_path/Frameworks",
				);
				PRODUCT_BUNDLE_IDENTIFIER = ch.dariomerz.TactileMapsTests;
				PRODUCT_NAME = "$(TARGET_NAME)";
				SWIFT_VERSION = 5.0;
				TARGETED_DEVICE_FAMILY = "1,2";
				TEST_HOST = "$(BUILT_PRODUCTS_DIR)/TactileMaps.app/TactileMaps";
			};
			name = Debug;
		};
		2BB65704245471AC008E315F /* Release */ = {
			isa = XCBuildConfiguration;
			buildSettings = {
				ALWAYS_EMBED_SWIFT_STANDARD_LIBRARIES = YES;
				BUNDLE_LOADER = "$(TEST_HOST)";
				CODE_SIGN_STYLE = Automatic;
				DEVELOPMENT_TEAM = 8TC47QR88G;
				INFOPLIST_FILE = TactileMapsTests/Info.plist;
				IPHONEOS_DEPLOYMENT_TARGET = 13.4;
				LD_RUNPATH_SEARCH_PATHS = (
					"$(inherited)",
					"@executable_path/Frameworks",
					"@loader_path/Frameworks",
				);
				PRODUCT_BUNDLE_IDENTIFIER = ch.dariomerz.TactileMapsTests;
				PRODUCT_NAME = "$(TARGET_NAME)";
				SWIFT_VERSION = 5.0;
				TARGETED_DEVICE_FAMILY = "1,2";
				TEST_HOST = "$(BUILT_PRODUCTS_DIR)/TactileMaps.app/TactileMaps";
			};
			name = Release;
		};
		2BB65706245471AC008E315F /* Debug */ = {
			isa = XCBuildConfiguration;
			buildSettings = {
				ALWAYS_EMBED_SWIFT_STANDARD_LIBRARIES = YES;
				CODE_SIGN_STYLE = Automatic;
				DEVELOPMENT_TEAM = 8TC47QR88G;
				INFOPLIST_FILE = TactileMapsUITests/Info.plist;
				LD_RUNPATH_SEARCH_PATHS = (
					"$(inherited)",
					"@executable_path/Frameworks",
					"@loader_path/Frameworks",
				);
				PRODUCT_BUNDLE_IDENTIFIER = ch.dariomerz.TactileMapsUITests;
				PRODUCT_NAME = "$(TARGET_NAME)";
				SWIFT_VERSION = 5.0;
				TARGETED_DEVICE_FAMILY = "1,2";
				TEST_TARGET_NAME = TactileMaps;
			};
			name = Debug;
		};
		2BB65707245471AC008E315F /* Release */ = {
			isa = XCBuildConfiguration;
			buildSettings = {
				ALWAYS_EMBED_SWIFT_STANDARD_LIBRARIES = YES;
				CODE_SIGN_STYLE = Automatic;
				DEVELOPMENT_TEAM = 8TC47QR88G;
				INFOPLIST_FILE = TactileMapsUITests/Info.plist;
				LD_RUNPATH_SEARCH_PATHS = (
					"$(inherited)",
					"@executable_path/Frameworks",
					"@loader_path/Frameworks",
				);
				PRODUCT_BUNDLE_IDENTIFIER = ch.dariomerz.TactileMapsUITests;
				PRODUCT_NAME = "$(TARGET_NAME)";
				SWIFT_VERSION = 5.0;
				TARGETED_DEVICE_FAMILY = "1,2";
				TEST_TARGET_NAME = TactileMaps;
			};
			name = Release;
		};
/* End XCBuildConfiguration section */

/* Begin XCConfigurationList section */
		2BB656D0245471A6008E315F /* Build configuration list for PBXProject "TactileMaps" */ = {
			isa = XCConfigurationList;
			buildConfigurations = (
				2BB656FD245471AC008E315F /* Debug */,
				2BB656FE245471AC008E315F /* Release */,
			);
			defaultConfigurationIsVisible = 0;
			defaultConfigurationName = Release;
		};
		2BB656FF245471AC008E315F /* Build configuration list for PBXNativeTarget "TactileMaps" */ = {
			isa = XCConfigurationList;
			buildConfigurations = (
				2BB65700245471AC008E315F /* Debug */,
				2BB65701245471AC008E315F /* Release */,
			);
			defaultConfigurationIsVisible = 0;
			defaultConfigurationName = Release;
		};
		2BB65702245471AC008E315F /* Build configuration list for PBXNativeTarget "TactileMapsTests" */ = {
			isa = XCConfigurationList;
			buildConfigurations = (
				2BB65703245471AC008E315F /* Debug */,
				2BB65704245471AC008E315F /* Release */,
			);
			defaultConfigurationIsVisible = 0;
			defaultConfigurationName = Release;
		};
		2BB65705245471AC008E315F /* Build configuration list for PBXNativeTarget "TactileMapsUITests" */ = {
			isa = XCConfigurationList;
			buildConfigurations = (
				2BB65706245471AC008E315F /* Debug */,
				2BB65707245471AC008E315F /* Release */,
			);
			defaultConfigurationIsVisible = 0;
			defaultConfigurationName = Release;
		};
/* End XCConfigurationList section */
	};
	rootObject = 2BB656CD245471A6008E315F /* Project object */;
}
